// !$*UTF8*$!
{
	archiveVersion = 1;
	classes = {
	};
	objectVersion = 48;
	objects = {

/* Begin PBXBuildFile section */
		1DAF2F702171FA1C00FB2AD6 /* AppDelegate.swift in Sources */ = {isa = PBXBuildFile; fileRef = 1DAF2F6F2171FA1C00FB2AD6 /* AppDelegate.swift */; };
		1DAF2F722171FA1C00FB2AD6 /* ViewController.swift in Sources */ = {isa = PBXBuildFile; fileRef = 1DAF2F712171FA1C00FB2AD6 /* ViewController.swift */; };
		1DAF2F752171FA1C00FB2AD6 /* Main.storyboard in Resources */ = {isa = PBXBuildFile; fileRef = 1DAF2F732171FA1C00FB2AD6 /* Main.storyboard */; };
		1DAF2F772171FA1C00FB2AD6 /* Assets.xcassets in Resources */ = {isa = PBXBuildFile; fileRef = 1DAF2F762171FA1C00FB2AD6 /* Assets.xcassets */; };
		1DAF2F7A2171FA1C00FB2AD6 /* LaunchScreen.storyboard in Resources */ = {isa = PBXBuildFile; fileRef = 1DAF2F782171FA1C00FB2AD6 /* LaunchScreen.storyboard */; };
		BE9FB2AD5602D4FD4099BCF3 /* Pods_rush01.framework in Frameworks */ = {isa = PBXBuildFile; fileRef = 1EFC78B6A78E4F7A88BCB9B9 /* Pods_rush01.framework */; };
/* End PBXBuildFile section */

/* Begin PBXCopyFilesBuildPhase section */
		1DAF2F842172003B00FB2AD6 /* Embed Frameworks */ = {
			isa = PBXCopyFilesBuildPhase;
			buildActionMask = 2147483647;
			dstPath = "";
			dstSubfolderSpec = 10;
			files = (
			);
			name = "Embed Frameworks";
			runOnlyForDeploymentPostprocessing = 0;
		};
/* End PBXCopyFilesBuildPhase section */

/* Begin PBXFileReference section */
		1DAF2F6C2171FA1C00FB2AD6 /* rush01.app */ = {isa = PBXFileReference; explicitFileType = wrapper.application; includeInIndex = 0; path = rush01.app; sourceTree = BUILT_PRODUCTS_DIR; };
		1DAF2F6F2171FA1C00FB2AD6 /* AppDelegate.swift */ = {isa = PBXFileReference; lastKnownFileType = sourcecode.swift; path = AppDelegate.swift; sourceTree = "<group>"; };
		1DAF2F712171FA1C00FB2AD6 /* ViewController.swift */ = {isa = PBXFileReference; lastKnownFileType = sourcecode.swift; path = ViewController.swift; sourceTree = "<group>"; };
		1DAF2F742171FA1C00FB2AD6 /* Base */ = {isa = PBXFileReference; lastKnownFileType = file.storyboard; name = Base; path = Base.lproj/Main.storyboard; sourceTree = "<group>"; };
		1DAF2F762171FA1C00FB2AD6 /* Assets.xcassets */ = {isa = PBXFileReference; lastKnownFileType = folder.assetcatalog; path = Assets.xcassets; sourceTree = "<group>"; };
		1DAF2F792171FA1C00FB2AD6 /* Base */ = {isa = PBXFileReference; lastKnownFileType = file.storyboard; name = Base; path = Base.lproj/LaunchScreen.storyboard; sourceTree = "<group>"; };
		1DAF2F7B2171FA1C00FB2AD6 /* Info.plist */ = {isa = PBXFileReference; lastKnownFileType = text.plist.xml; path = Info.plist; sourceTree = "<group>"; };
		1EFC78B6A78E4F7A88BCB9B9 /* Pods_rush01.framework */ = {isa = PBXFileReference; explicitFileType = wrapper.framework; includeInIndex = 0; path = Pods_rush01.framework; sourceTree = BUILT_PRODUCTS_DIR; };
		337349064AA913994CEF3F52 /* Pods-rush01.release.xcconfig */ = {isa = PBXFileReference; includeInIndex = 1; lastKnownFileType = text.xcconfig; name = "Pods-rush01.release.xcconfig"; path = "Pods/Target Support Files/Pods-rush01/Pods-rush01.release.xcconfig"; sourceTree = "<group>"; };
		A68BF348B824BE4DF4B98C31 /* Pods-rush01.debug.xcconfig */ = {isa = PBXFileReference; includeInIndex = 1; lastKnownFileType = text.xcconfig; name = "Pods-rush01.debug.xcconfig"; path = "Pods/Target Support Files/Pods-rush01/Pods-rush01.debug.xcconfig"; sourceTree = "<group>"; };
/* End PBXFileReference section */

/* Begin PBXFrameworksBuildPhase section */
		1DAF2F692171FA1C00FB2AD6 /* Frameworks */ = {
			isa = PBXFrameworksBuildPhase;
			buildActionMask = 2147483647;
			files = (
				BE9FB2AD5602D4FD4099BCF3 /* Pods_rush01.framework in Frameworks */,
			);
			runOnlyForDeploymentPostprocessing = 0;
		};
/* End PBXFrameworksBuildPhase section */

/* Begin PBXGroup section */
		1DAF2F632171FA1B00FB2AD6 = {
			isa = PBXGroup;
			children = (
				1DAF2F6E2171FA1C00FB2AD6 /* rush01 */,
				1DAF2F6D2171FA1C00FB2AD6 /* Products */,
				9DFF0065501BE4DE2AFEA63C /* Pods */,
				57C912726E2D1012DFE39E8D /* Frameworks */,
			);
			sourceTree = "<group>";
		};
		1DAF2F6D2171FA1C00FB2AD6 /* Products */ = {
			isa = PBXGroup;
			children = (
				1DAF2F6C2171FA1C00FB2AD6 /* rush01.app */,
			);
			name = Products;
			sourceTree = "<group>";
		};
		1DAF2F6E2171FA1C00FB2AD6 /* rush01 */ = {
			isa = PBXGroup;
			children = (
				1DAF2F6F2171FA1C00FB2AD6 /* AppDelegate.swift */,
				1DAF2F712171FA1C00FB2AD6 /* ViewController.swift */,
				1DAF2F732171FA1C00FB2AD6 /* Main.storyboard */,
				1DAF2F762171FA1C00FB2AD6 /* Assets.xcassets */,
				1DAF2F782171FA1C00FB2AD6 /* LaunchScreen.storyboard */,
				1DAF2F7B2171FA1C00FB2AD6 /* Info.plist */,
			);
			path = rush01;
			sourceTree = "<group>";
		};
		57C912726E2D1012DFE39E8D /* Frameworks */ = {
			isa = PBXGroup;
			children = (
				1EFC78B6A78E4F7A88BCB9B9 /* Pods_rush01.framework */,
			);
			name = Frameworks;
			sourceTree = "<group>";
		};
		9DFF0065501BE4DE2AFEA63C /* Pods */ = {
			isa = PBXGroup;
			children = (
				A68BF348B824BE4DF4B98C31 /* Pods-rush01.debug.xcconfig */,
				337349064AA913994CEF3F52 /* Pods-rush01.release.xcconfig */,
			);
			name = Pods;
			sourceTree = "<group>";
		};
/* End PBXGroup section */

/* Begin PBXNativeTarget section */
		1DAF2F6B2171FA1C00FB2AD6 /* rush01 */ = {
			isa = PBXNativeTarget;
			buildConfigurationList = 1DAF2F7E2171FA1C00FB2AD6 /* Build configuration list for PBXNativeTarget "rush01" */;
			buildPhases = (
				A14B2BA5D873B95DF4C5D2EE /* [CP] Check Pods Manifest.lock */,
				1DAF2F682171FA1C00FB2AD6 /* Sources */,
				1DAF2F692171FA1C00FB2AD6 /* Frameworks */,
				1DAF2F6A2171FA1C00FB2AD6 /* Resources */,
				1DAF2F842172003B00FB2AD6 /* Embed Frameworks */,
				228281064E4C5D846CBDF687 /* [CP] Copy Pods Resources */,
				8B50A1CF36EE0FBF5A9C84F4 /* [CP] Embed Pods Frameworks */,
			);
			buildRules = (
			);
			dependencies = (
			);
			name = rush01;
			productName = rush01;
			productReference = 1DAF2F6C2171FA1C00FB2AD6 /* rush01.app */;
			productType = "com.apple.product-type.application";
		};
/* End PBXNativeTarget section */

/* Begin PBXProject section */
		1DAF2F642171FA1B00FB2AD6 /* Project object */ = {
			isa = PBXProject;
			attributes = {
				LastSwiftUpdateCheck = 0920;
				LastUpgradeCheck = 0920;
				ORGANIZATIONNAME = "Vitalii Poltavets";
				TargetAttributes = {
					1DAF2F6B2171FA1C00FB2AD6 = {
						CreatedOnToolsVersion = 9.2;
						ProvisioningStyle = Automatic;
					};
				};
			};
			buildConfigurationList = 1DAF2F672171FA1B00FB2AD6 /* Build configuration list for PBXProject "rush01" */;
			compatibilityVersion = "Xcode 8.0";
			developmentRegion = en;
			hasScannedForEncodings = 0;
			knownRegions = (
				en,
				Base,
			);
			mainGroup = 1DAF2F632171FA1B00FB2AD6;
			productRefGroup = 1DAF2F6D2171FA1C00FB2AD6 /* Products */;
			projectDirPath = "";
			projectRoot = "";
			targets = (
				1DAF2F6B2171FA1C00FB2AD6 /* rush01 */,
			);
		};
/* End PBXProject section */

/* Begin PBXResourcesBuildPhase section */
		1DAF2F6A2171FA1C00FB2AD6 /* Resources */ = {
			isa = PBXResourcesBuildPhase;
			buildActionMask = 2147483647;
			files = (
				1DAF2F7A2171FA1C00FB2AD6 /* LaunchScreen.storyboard in Resources */,
				1DAF2F772171FA1C00FB2AD6 /* Assets.xcassets in Resources */,
				1DAF2F752171FA1C00FB2AD6 /* Main.storyboard in Resources */,
			);
			runOnlyForDeploymentPostprocessing = 0;
		};
/* End PBXResourcesBuildPhase section */

/* Begin PBXShellScriptBuildPhase section */
		228281064E4C5D846CBDF687 /* [CP] Copy Pods Resources */ = {
			isa = PBXShellScriptBuildPhase;
			buildActionMask = 2147483647;
			files = (
			);
			inputPaths = (
				"${SRCROOT}/Pods/Target Support Files/Pods-rush01/Pods-rush01-resources.sh",
				"${PODS_ROOT}/GoogleMaps/Maps/Frameworks/GoogleMaps.framework/Resources/GoogleMaps.bundle",
				"${PODS_ROOT}/GooglePlaces/Frameworks/GooglePlaces.framework/Resources/GooglePlaces.bundle",
			);
			name = "[CP] Copy Pods Resources";
			outputPaths = (
				"${TARGET_BUILD_DIR}/${UNLOCALIZED_RESOURCES_FOLDER_PATH}/GoogleMaps.bundle",
				"${TARGET_BUILD_DIR}/${UNLOCALIZED_RESOURCES_FOLDER_PATH}/GooglePlaces.bundle",
			);
			runOnlyForDeploymentPostprocessing = 0;
			shellPath = /bin/sh;
			shellScript = "\"${SRCROOT}/Pods/Target Support Files/Pods-rush01/Pods-rush01-resources.sh\"\n";
			showEnvVarsInLog = 0;
		};
		8B50A1CF36EE0FBF5A9C84F4 /* [CP] Embed Pods Frameworks */ = {
			isa = PBXShellScriptBuildPhase;
			buildActionMask = 2147483647;
			files = (
			);
			inputPaths = (
				"${SRCROOT}/Pods/Target Support Files/Pods-rush01/Pods-rush01-frameworks.sh",
				"${BUILT_PRODUCTS_DIR}/Alamofire/Alamofire.framework",
				"${BUILT_PRODUCTS_DIR}/SwiftyJSON/SwiftyJSON.framework",
			);
			name = "[CP] Embed Pods Frameworks";
			outputPaths = (
				"${TARGET_BUILD_DIR}/${FRAMEWORKS_FOLDER_PATH}/Alamofire.framework",
				"${TARGET_BUILD_DIR}/${FRAMEWORKS_FOLDER_PATH}/SwiftyJSON.framework",
			);
			runOnlyForDeploymentPostprocessing = 0;
			shellPath = /bin/sh;
			shellScript = "\"${SRCROOT}/Pods/Target Support Files/Pods-rush01/Pods-rush01-frameworks.sh\"\n";
			showEnvVarsInLog = 0;
		};
		A14B2BA5D873B95DF4C5D2EE /* [CP] Check Pods Manifest.lock */ = {
			isa = PBXShellScriptBuildPhase;
			buildActionMask = 2147483647;
			files = (
			);
			inputPaths = (
				"${PODS_PODFILE_DIR_PATH}/Podfile.lock",
				"${PODS_ROOT}/Manifest.lock",
			);
			name = "[CP] Check Pods Manifest.lock";
			outputPaths = (
				"$(DERIVED_FILE_DIR)/Pods-rush01-checkManifestLockResult.txt",
			);
			runOnlyForDeploymentPostprocessing = 0;
			shellPath = /bin/sh;
			shellScript = "diff \"${PODS_PODFILE_DIR_PATH}/Podfile.lock\" \"${PODS_ROOT}/Manifest.lock\" > /dev/null\nif [ $? != 0 ] ; then\n    # print error to STDERR\n    echo \"error: The sandbox is not in sync with the Podfile.lock. Run 'pod install' or update your CocoaPods installation.\" >&2\n    exit 1\nfi\n# This output is used by Xcode 'outputs' to avoid re-running this script phase.\necho \"SUCCESS\" > \"${SCRIPT_OUTPUT_FILE_0}\"\n";
			showEnvVarsInLog = 0;
		};
/* End PBXShellScriptBuildPhase section */

/* Begin PBXSourcesBuildPhase section */
		1DAF2F682171FA1C00FB2AD6 /* Sources */ = {
			isa = PBXSourcesBuildPhase;
			buildActionMask = 2147483647;
			files = (
				1DAF2F722171FA1C00FB2AD6 /* ViewController.swift in Sources */,
				1DAF2F702171FA1C00FB2AD6 /* AppDelegate.swift in Sources */,
			);
			runOnlyForDeploymentPostprocessing = 0;
		};
/* End PBXSourcesBuildPhase section */

/* Begin PBXVariantGroup section */
		1DAF2F732171FA1C00FB2AD6 /* Main.storyboard */ = {
			isa = PBXVariantGroup;
			children = (
				1DAF2F742171FA1C00FB2AD6 /* Base */,
			);
			name = Main.storyboard;
			sourceTree = "<group>";
		};
		1DAF2F782171FA1C00FB2AD6 /* LaunchScreen.storyboard */ = {
			isa = PBXVariantGroup;
			children = (
				1DAF2F792171FA1C00FB2AD6 /* Base */,
			);
			name = LaunchScreen.storyboard;
			sourceTree = "<group>";
		};
/* End PBXVariantGroup section */

/* Begin XCBuildConfiguration section */
		1DAF2F7C2171FA1C00FB2AD6 /* Debug */ = {
			isa = XCBuildConfiguration;
			buildSettings = {
				ALWAYS_SEARCH_USER_PATHS = NO;
				CLANG_ANALYZER_NONNULL = YES;
				CLANG_ANALYZER_NUMBER_OBJECT_CONVERSION = YES_AGGRESSIVE;
				CLANG_CXX_LANGUAGE_STANDARD = "gnu++14";
				CLANG_CXX_LIBRARY = "libc++";
				CLANG_ENABLE_MODULES = YES;
				CLANG_ENABLE_OBJC_ARC = YES;
				CLANG_WARN_BLOCK_CAPTURE_AUTORELEASING = YES;
				CLANG_WARN_BOOL_CONVERSION = YES;
				CLANG_WARN_COMMA = YES;
				CLANG_WARN_CONSTANT_CONVERSION = YES;
				CLANG_WARN_DIRECT_OBJC_ISA_USAGE = YES_ERROR;
				CLANG_WARN_DOCUMENTATION_COMMENTS = YES;
				CLANG_WARN_EMPTY_BODY = YES;
				CLANG_WARN_ENUM_CONVERSION = YES;
				CLANG_WARN_INFINITE_RECURSION = YES;
				CLANG_WARN_INT_CONVERSION = YES;
				CLANG_WARN_NON_LITERAL_NULL_CONVERSION = YES;
				CLANG_WARN_OBJC_LITERAL_CONVERSION = YES;
				CLANG_WARN_OBJC_ROOT_CLASS = YES_ERROR;
				CLANG_WARN_RANGE_LOOP_ANALYSIS = YES;
				CLANG_WARN_STRICT_PROTOTYPES = YES;
				CLANG_WARN_SUSPICIOUS_MOVE = YES;
				CLANG_WARN_UNGUARDED_AVAILABILITY = YES_AGGRESSIVE;
				CLANG_WARN_UNREACHABLE_CODE = YES;
				CLANG_WARN__DUPLICATE_METHOD_MATCH = YES;
				CODE_SIGN_IDENTITY = "iPhone Developer";
				COPY_PHASE_STRIP = NO;
				DEBUG_INFORMATION_FORMAT = dwarf;
				ENABLE_STRICT_OBJC_MSGSEND = YES;
				ENABLE_TESTABILITY = YES;
				GCC_C_LANGUAGE_STANDARD = gnu11;
				GCC_DYNAMIC_NO_PIC = NO;
				GCC_NO_COMMON_BLOCKS = YES;
				GCC_OPTIMIZATION_LEVEL = 0;
				GCC_PREPROCESSOR_DEFINITIONS = (
					"DEBUG=1",
					"$(inherited)",
				);
				GCC_WARN_64_TO_32_BIT_CONVERSION = YES;
				GCC_WARN_ABOUT_RETURN_TYPE = YES_ERROR;
				GCC_WARN_UNDECLARED_SELECTOR = YES;
				GCC_WARN_UNINITIALIZED_AUTOS = YES_AGGRESSIVE;
				GCC_WARN_UNUSED_FUNCTION = YES;
				GCC_WARN_UNUSED_VARIABLE = YES;
				IPHONEOS_DEPLOYMENT_TARGET = 11.2;
				MTL_ENABLE_DEBUG_INFO = YES;
				ONLY_ACTIVE_ARCH = YES;
				SDKROOT = iphoneos;
				SWIFT_ACTIVE_COMPILATION_CONDITIONS = DEBUG;
				SWIFT_OPTIMIZATION_LEVEL = "-Onone";
			};
			name = Debug;
		};
		1DAF2F7D2171FA1C00FB2AD6 /* Release */ = {
			isa = XCBuildConfiguration;
			buildSettings = {
				ALWAYS_SEARCH_USER_PATHS = NO;
				CLANG_ANALYZER_NONNULL = YES;
				CLANG_ANALYZER_NUMBER_OBJECT_CONVERSION = YES_AGGRESSIVE;
				CLANG_CXX_LANGUAGE_STANDARD = "gnu++14";
				CLANG_CXX_LIBRARY = "libc++";
				CLANG_ENABLE_MODULES = YES;
				CLANG_ENABLE_OBJC_ARC = YES;
				CLANG_WARN_BLOCK_CAPTURE_AUTORELEASING = YES;
				CLANG_WARN_BOOL_CONVERSION = YES;
				CLANG_WARN_COMMA = YES;
				CLANG_WARN_CONSTANT_CONVERSION = YES;
				CLANG_WARN_DIRECT_OBJC_ISA_USAGE = YES_ERROR;
				CLANG_WARN_DOCUMENTATION_COMMENTS = YES;
				CLANG_WARN_EMPTY_BODY = YES;
				CLANG_WARN_ENUM_CONVERSION = YES;
				CLANG_WARN_INFINITE_RECURSION = YES;
				CLANG_WARN_INT_CONVERSION = YES;
				CLANG_WARN_NON_LITERAL_NULL_CONVERSION = YES;
				CLANG_WARN_OBJC_LITERAL_CONVERSION = YES;
				CLANG_WARN_OBJC_ROOT_CLASS = YES_ERROR;
				CLANG_WARN_RANGE_LOOP_ANALYSIS = YES;
				CLANG_WARN_STRICT_PROTOTYPES = YES;
				CLANG_WARN_SUSPICIOUS_MOVE = YES;
				CLANG_WARN_UNGUARDED_AVAILABILITY = YES_AGGRESSIVE;
				CLANG_WARN_UNREACHABLE_CODE = YES;
				CLANG_WARN__DUPLICATE_METHOD_MATCH = YES;
				CODE_SIGN_IDENTITY = "iPhone Developer";
				COPY_PHASE_STRIP = NO;
				DEBUG_INFORMATION_FORMAT = "dwarf-with-dsym";
				ENABLE_NS_ASSERTIONS = NO;
				ENABLE_STRICT_OBJC_MSGSEND = YES;
				GCC_C_LANGUAGE_STANDARD = gnu11;
				GCC_NO_COMMON_BLOCKS = YES;
				GCC_WARN_64_TO_32_BIT_CONVERSION = YES;
				GCC_WARN_ABOUT_RETURN_TYPE = YES_ERROR;
				GCC_WARN_UNDECLARED_SELECTOR = YES;
				GCC_WARN_UNINITIALIZED_AUTOS = YES_AGGRESSIVE;
				GCC_WARN_UNUSED_FUNCTION = YES;
				GCC_WARN_UNUSED_VARIABLE = YES;
				IPHONEOS_DEPLOYMENT_TARGET = 11.2;
				MTL_ENABLE_DEBUG_INFO = NO;
				SDKROOT = iphoneos;
				SWIFT_OPTIMIZATION_LEVEL = "-Owholemodule";
				VALIDATE_PRODUCT = YES;
			};
			name = Release;
		};
		1DAF2F7F2171FA1C00FB2AD6 /* Debug */ = {
			isa = XCBuildConfiguration;
			baseConfigurationReference = A68BF348B824BE4DF4B98C31 /* Pods-rush01.debug.xcconfig */;
			buildSettings = {
				ASSETCATALOG_COMPILER_APPICON_NAME = AppIcon;
				CODE_SIGN_STYLE = Automatic;
				DEVELOPMENT_TEAM = ZNA2424JBU;
				INFOPLIST_FILE = rush01/Info.plist;
				LD_RUNPATH_SEARCH_PATHS = "$(inherited) @executable_path/Frameworks";
				PRODUCT_BUNDLE_IDENTIFIER = twix.rush01;
				PRODUCT_NAME = "$(TARGET_NAME)";
				SWIFT_VERSION = 4.0;
				TARGETED_DEVICE_FAMILY = "1,2";
			};
			name = Debug;
		};
		1DAF2F802171FA1C00FB2AD6 /* Release */ = {
			isa = XCBuildConfiguration;
			baseConfigurationReference = 337349064AA913994CEF3F52 /* Pods-rush01.release.xcconfig */;
			buildSettings = {
				ASSETCATALOG_COMPILER_APPICON_NAME = AppIcon;
				CODE_SIGN_STYLE = Automatic;
				DEVELOPMENT_TEAM = ZNA2424JBU;
				INFOPLIST_FILE = rush01/Info.plist;
				LD_RUNPATH_SEARCH_PATHS = "$(inherited) @executable_path/Frameworks";
				PRODUCT_BUNDLE_IDENTIFIER = twix.rush01;
				PRODUCT_NAME = "$(TARGET_NAME)";
				SWIFT_VERSION = 4.0;
				TARGETED_DEVICE_FAMILY = "1,2";
			};
			name = Release;
		};
/* End XCBuildConfiguration section */

/* Begin XCConfigurationList section */
		1DAF2F672171FA1B00FB2AD6 /* Build configuration list for PBXProject "rush01" */ = {
			isa = XCConfigurationList;
			buildConfigurations = (
				1DAF2F7C2171FA1C00FB2AD6 /* Debug */,
				1DAF2F7D2171FA1C00FB2AD6 /* Release */,
			);
			defaultConfigurationIsVisible = 0;
			defaultConfigurationName = Release;
		};
		1DAF2F7E2171FA1C00FB2AD6 /* Build configuration list for PBXNativeTarget "rush01" */ = {
			isa = XCConfigurationList;
			buildConfigurations = (
				1DAF2F7F2171FA1C00FB2AD6 /* Debug */,
				1DAF2F802171FA1C00FB2AD6 /* Release */,
			);
			defaultConfigurationIsVisible = 0;
			defaultConfigurationName = Release;
		};
/* End XCConfigurationList section */
	};
	rootObject = 1DAF2F642171FA1B00FB2AD6 /* Project object */;
}
